
Microsoft Visual Studio Solution File, Format Version 12.00
# Visual Studio Version 16
VisualStudioVersion = 16.0.30413.136
MinimumVisualStudioVersion = 10.0.40219.1
Project("{FAE04EC0-301F-11D3-BF4B-00C04F79EFBC}") = "tic-tac-toe ai", "tic-tac-toe ai.csproj", "{63A1BB2C-489C-44C0-9254-103C68D5AB59}"
EndProject
Global
	GlobalSection(SolutionConfigurationPlatforms) = preSolution
		Debug|Any CPU = Debug|Any CPU
		Release|Any CPU = Release|Any CPU
	EndGlobalSection
	GlobalSection(ProjectConfigurationPlatforms) = postSolution
		{63A1BB2C-489C-44C0-9254-103C68D5AB59}.Debug|Any CPU.ActiveCfg = Debug|Any CPU
		{63A1BB2C-489C-44C0-9254-103C68D5AB59}.Debug|Any CPU.Build.0 = Debug|Any CPU
		{63A1BB2C-489C-44C0-9254-103C68D5AB59}.Release|Any CPU.ActiveCfg = Release|Any CPU
		{63A1BB2C-489C-44C0-9254-103C68D5AB59}.Release|Any CPU.Build.0 = Release|Any CPU
	EndGlobalSection
	GlobalSection(SolutionProperties) = preSolution
		HideSolutionNode = FALSE
	EndGlobalSection
	GlobalSection(ExtensibilityGlobals) = postSolution
		SolutionGuid = {C4901130-FD0E-4075-BCB0-AD138A458C19}
	EndGlobalSection
EndGlobal
